
Microsoft Visual Studio Solution File, Format Version 12.00
# Visual Studio Version 17
VisualStudioVersion = 17.6.33712.159
MinimumVisualStudioVersion = 10.0.40219.1
Project("{9A19103F-16F7-4668-BE54-9A1E7A4F7556}") = "BulkyWeb", "BulkyWeb\BulkyWeb.csproj", "{EBF2B9A4-CF85-47E3-9B47-20CA30BDEBD3}"
EndProject
Project("{FAE04EC0-301F-11D3-BF4B-00C04F79EFBC}") = "Bulky.DataAccess", "Bulky.DataAccess\Bulky.DataAccess.csproj", "{7B1BB3B7-CA31-4A2E-8E67-D4160CFB1CEF}"
EndProject
Project("{FAE04EC0-301F-11D3-BF4B-00C04F79EFBC}") = "Bulky.Models", "Bulky.Models\Bulky.Models.csproj", "{02EF7BC1-E598-4FF0-A9F0-F55062395383}"
EndProject
Project("{FAE04EC0-301F-11D3-BF4B-00C04F79EFBC}") = "Bulky.Utility", "Bulky.Utility\Bulky.Utility.csproj", "{8C7B3316-ADFB-453F-A22C-CAF094FB206D}"
EndProject
Global
	GlobalSection(SolutionConfigurationPlatforms) = preSolution
		Debug|Any CPU = Debug|Any CPU
		Release|Any CPU = Release|Any CPU
	EndGlobalSection
	GlobalSection(ProjectConfigurationPlatforms) = postSolution
		{EBF2B9A4-CF85-47E3-9B47-20CA30BDEBD3}.Debug|Any CPU.ActiveCfg = Debug|Any CPU
		{EBF2B9A4-CF85-47E3-9B47-20CA30BDEBD3}.Debug|Any CPU.Build.0 = Debug|Any CPU
		{EBF2B9A4-CF85-47E3-9B47-20CA30BDEBD3}.Release|Any CPU.ActiveCfg = Release|Any CPU
		{EBF2B9A4-CF85-47E3-9B47-20CA30BDEBD3}.Release|Any CPU.Build.0 = Release|Any CPU
		{7B1BB3B7-CA31-4A2E-8E67-D4160CFB1CEF}.Debug|Any CPU.ActiveCfg = Debug|Any CPU
		{7B1BB3B7-CA31-4A2E-8E67-D4160CFB1CEF}.Debug|Any CPU.Build.0 = Debug|Any CPU
		{7B1BB3B7-CA31-4A2E-8E67-D4160CFB1CEF}.Release|Any CPU.ActiveCfg = Release|Any CPU
		{7B1BB3B7-CA31-4A2E-8E67-D4160CFB1CEF}.Release|Any CPU.Build.0 = Release|Any CPU
		{02EF7BC1-E598-4FF0-A9F0-F55062395383}.Debug|Any CPU.ActiveCfg = Debug|Any CPU
		{02EF7BC1-E598-4FF0-A9F0-F55062395383}.Debug|Any CPU.Build.0 = Debug|Any CPU
		{02EF7BC1-E598-4FF0-A9F0-F55062395383}.Release|Any CPU.ActiveCfg = Release|Any CPU
		{02EF7BC1-E598-4FF0-A9F0-F55062395383}.Release|Any CPU.Build.0 = Release|Any CPU
		{8C7B3316-ADFB-453F-A22C-CAF094FB206D}.Debug|Any CPU.ActiveCfg = Debug|Any CPU
		{8C7B3316-ADFB-453F-A22C-CAF094FB206D}.Debug|Any CPU.Build.0 = Debug|Any CPU
		{8C7B3316-ADFB-453F-A22C-CAF094FB206D}.Release|Any CPU.ActiveCfg = Release|Any CPU
		{8C7B3316-ADFB-453F-A22C-CAF094FB206D}.Release|Any CPU.Build.0 = Release|Any CPU
	EndGlobalSection
	GlobalSection(SolutionProperties) = preSolution
		HideSolutionNode = FALSE
	EndGlobalSection
	GlobalSection(ExtensibilityGlobals) = postSolution
		SolutionGuid = {D49E0FEF-5091-4882-8EFA-CEF690FB0680}
	EndGlobalSection
EndGlobal
